# This file was autogenerated by Stack.
# You should not edit this file by hand.
# For more information, please see the documentation at:
#   https://docs.haskellstack.org/en/stable/lock_files

packages:
- completed:
    hackage: req-1.2.1@sha256:d2db586ab7fe07efc82fef2082e88f5728c472c08728c985aacf142c661675e9,5034
    pantry-tree:
      size: 712
      sha256: 4ae1291fb70c1d498cf727689aabf1fd87bf840d4b9916d2f2fc830ae7a5e375
  original:
    hackage: req-1.2.1@sha256:d2db586ab7fe07efc82fef2082e88f5728c472c08728c985aacf142c661675e9,5034
- completed:
    hackage: connection-0.2.8@sha256:b33ed18b274e9d65ffefcda46ba3d6ff852bec1e7ffcb686985228dc52631c2e,1525
    pantry-tree:
      size: 386
      sha256: c551e941b8b047a1f2ae6a44c15a405ddeb12132953dd6c782041c070ee3e358
  original:
    hackage: connection-0.2.8@sha256:b33ed18b274e9d65ffefcda46ba3d6ff852bec1e7ffcb686985228dc52631c2e,1525
- completed:
    hackage: retry-0.7.7.0@sha256:7b00ea9a64adec514a830209ae3d75919d5b510eb688783634f61469b4d3d182,2292
    pantry-tree:
      size: 433
      sha256: 0acb8ebf4fdcad1716fdcb8c21128dac0b8e59bef12cee21ac9af88f3523a37d
  original:
    hackage: retry-0.7.7.0@sha256:7b00ea9a64adec514a830209ae3d75919d5b510eb688783634f61469b4d3d182,2292
- completed:
    hackage: socks-0.5.6@sha256:bb051589a00d18301556dbff82d89955a5534baf91a5e050e5f3a65f3415609c,1299
    pantry-tree:
      size: 693
      sha256: 4ef36ec31595199c8a18a9d33749aee3802b6ec056ec99effeb528262db9fd62
  original:
    hackage: socks-0.5.6@sha256:bb051589a00d18301556dbff82d89955a5534baf91a5e050e5f3a65f3415609c,1299
snapshots:
- completed:
    size: 524996
    url: https://raw.githubusercontent.com/commercialhaskell/stackage-snapshots/master/lts/14/27.yaml
    sha256: 7ea31a280c56bf36ff591a7397cc384d0dff622e7f9e4225b47d8980f019a0f0
  original: lts-14.27
